
Microsoft Visual Studio Solution File, Format Version 12.00
Project("{FAE04EC0-301F-11D3-BF4B-00C04F79EFBC}") = "UserApi", "UserApi\UserApi.csproj", "{E848C9CD-D925-4017-A806-63EA9A748847}"
EndProject
Global
	GlobalSection(SolutionConfigurationPlatforms) = preSolution
		Debug|Any CPU = Debug|Any CPU
		Release|Any CPU = Release|Any CPU
	EndGlobalSection
	GlobalSection(ProjectConfigurationPlatforms) = postSolution
		{E848C9CD-D925-4017-A806-63EA9A748847}.Debug|Any CPU.ActiveCfg = Debug|Any CPU
		{E848C9CD-D925-4017-A806-63EA9A748847}.Debug|Any CPU.Build.0 = Debug|Any CPU
		{E848C9CD-D925-4017-A806-63EA9A748847}.Release|Any CPU.ActiveCfg = Release|Any CPU
		{E848C9CD-D925-4017-A806-63EA9A748847}.Release|Any CPU.Build.0 = Release|Any CPU
	EndGlobalSection
EndGlobal
